<Solution>
  <Project Path="../CRUD.Application/CRUD.Application.csproj" Id="c9b3e8f0-ad52-45ac-a2bb-177b5a933e07" />
  <Project Path="../CRUD.Domain/CRUD.Domain.csproj" Id="a2c4d57f-3208-4e44-9754-2a8ef7ebbf5e" />
  <Project Path="../CRUD.Infrastructure/CRUD.Infrastructure.csproj" Id="b73e2dfa-6e83-4af6-a8ca-56d8cf3dff50" />
  <Project Path="CRUD.csproj" />
</Solution>
